
Microsoft Visual Studio Solution File, Format Version 12.00
# Visual Studio Version 17
VisualStudioVersion = 17.7.34024.191
MinimumVisualStudioVersion = 10.0.40219.1
Project("{FAE04EC0-301F-11D3-BF4B-00C04F79EFBC}") = "rgr-flyweight", "rgr-flyweight\rgr-flyweight.csproj", "{CA379EA7-6CC7-4218-A3E3-9F04F663280F}"
EndProject
Global
	GlobalSection(SolutionConfigurationPlatforms) = preSolution
		Debug|Any CPU = Debug|Any CPU
		Release|Any CPU = Release|Any CPU
	EndGlobalSection
	GlobalSection(ProjectConfigurationPlatforms) = postSolution
		{CA379EA7-6CC7-4218-A3E3-9F04F663280F}.Debug|Any CPU.ActiveCfg = Debug|Any CPU
		{CA379EA7-6CC7-4218-A3E3-9F04F663280F}.Debug|Any CPU.Build.0 = Debug|Any CPU
		{CA379EA7-6CC7-4218-A3E3-9F04F663280F}.Release|Any CPU.ActiveCfg = Release|Any CPU
		{CA379EA7-6CC7-4218-A3E3-9F04F663280F}.Release|Any CPU.Build.0 = Release|Any CPU
	EndGlobalSection
	GlobalSection(SolutionProperties) = preSolution
		HideSolutionNode = FALSE
	EndGlobalSection
	GlobalSection(ExtensibilityGlobals) = postSolution
		SolutionGuid = {CC3C26F6-6792-4D06-8123-9EC767A58DE7}
	EndGlobalSection
EndGlobal
